
Microsoft Visual Studio Solution File, Format Version 12.00
# Visual Studio Version 17
VisualStudioVersion = 17.0.31903.59
MinimumVisualStudioVersion = 10.0.40219.1
Project("{2150E333-8FDC-42A3-9474-1A3956D46DE8}") = "src", "src", "{827E0CD3-B72D-47B6-A68D-7590B98EB39B}"
EndProject
Project("{FAE04EC0-301F-11D3-BF4B-00C04F79EFBC}") = "Vietravel.Tours.Domain", "src\Vietravel.Tours.Domain\Vietravel.Tours.Domain.csproj", "{AB7F505E-B040-47E1-8716-8E9F212C413A}"
EndProject
Project("{FAE04EC0-301F-11D3-BF4B-00C04F79EFBC}") = "Vietravel.Tours.Application", "src\Vietravel.Tours.Application\Vietravel.Tours.Application.csproj", "{376CFC14-6ED7-4A97-8885-BD5BABC115BD}"
EndProject
Project("{FAE04EC0-301F-11D3-BF4B-00C04F79EFBC}") = "Vietravel.Tours.Infrastructure", "src\Vietravel.Tours.Infrastructure\Vietravel.Tours.Infrastructure.csproj", "{6CAE4098-34D9-4EEC-9476-4139468111E7}"
EndProject
Project("{FAE04EC0-301F-11D3-BF4B-00C04F79EFBC}") = "Vietravel.Tours.Api", "src\Vietravel.Tours.Api\Vietravel.Tours.Api.csproj", "{A1671F7E-5B98-419C-9BA2-4ED52E510CE3}"
EndProject
Global
	GlobalSection(SolutionConfigurationPlatforms) = preSolution
		Debug|Any CPU = Debug|Any CPU
		Debug|x64 = Debug|x64
		Debug|x86 = Debug|x86
		Release|Any CPU = Release|Any CPU
		Release|x64 = Release|x64
		Release|x86 = Release|x86
	EndGlobalSection
	GlobalSection(ProjectConfigurationPlatforms) = postSolution
		{AB7F505E-B040-47E1-8716-8E9F212C413A}.Debug|Any CPU.ActiveCfg = Debug|Any CPU
		{AB7F505E-B040-47E1-8716-8E9F212C413A}.Debug|Any CPU.Build.0 = Debug|Any CPU
		{AB7F505E-B040-47E1-8716-8E9F212C413A}.Debug|x64.ActiveCfg = Debug|Any CPU
		{AB7F505E-B040-47E1-8716-8E9F212C413A}.Debug|x64.Build.0 = Debug|Any CPU
		{AB7F505E-B040-47E1-8716-8E9F212C413A}.Debug|x86.ActiveCfg = Debug|Any CPU
		{AB7F505E-B040-47E1-8716-8E9F212C413A}.Debug|x86.Build.0 = Debug|Any CPU
		{AB7F505E-B040-47E1-8716-8E9F212C413A}.Release|Any CPU.ActiveCfg = Release|Any CPU
		{AB7F505E-B040-47E1-8716-8E9F212C413A}.Release|Any CPU.Build.0 = Release|Any CPU
		{AB7F505E-B040-47E1-8716-8E9F212C413A}.Release|x64.ActiveCfg = Release|Any CPU
		{AB7F505E-B040-47E1-8716-8E9F212C413A}.Release|x64.Build.0 = Release|Any CPU
		{AB7F505E-B040-47E1-8716-8E9F212C413A}.Release|x86.ActiveCfg = Release|Any CPU
		{AB7F505E-B040-47E1-8716-8E9F212C413A}.Release|x86.Build.0 = Release|Any CPU
		{376CFC14-6ED7-4A97-8885-BD5BABC115BD}.Debug|Any CPU.ActiveCfg = Debug|Any CPU
		{376CFC14-6ED7-4A97-8885-BD5BABC115BD}.Debug|Any CPU.Build.0 = Debug|Any CPU
		{376CFC14-6ED7-4A97-8885-BD5BABC115BD}.Debug|x64.ActiveCfg = Debug|Any CPU
		{376CFC14-6ED7-4A97-8885-BD5BABC115BD}.Debug|x64.Build.0 = Debug|Any CPU
		{376CFC14-6ED7-4A97-8885-BD5BABC115BD}.Debug|x86.ActiveCfg = Debug|Any CPU
		{376CFC14-6ED7-4A97-8885-BD5BABC115BD}.Debug|x86.Build.0 = Debug|Any CPU
		{376CFC14-6ED7-4A97-8885-BD5BABC115BD}.Release|Any CPU.ActiveCfg = Release|Any CPU
		{376CFC14-6ED7-4A97-8885-BD5BABC115BD}.Release|Any CPU.Build.0 = Release|Any CPU
		{376CFC14-6ED7-4A97-8885-BD5BABC115BD}.Release|x64.ActiveCfg = Release|Any CPU
		{376CFC14-6ED7-4A97-8885-BD5BABC115BD}.Release|x64.Build.0 = Release|Any CPU
		{376CFC14-6ED7-4A97-8885-BD5BABC115BD}.Release|x86.ActiveCfg = Release|Any CPU
		{376CFC14-6ED7-4A97-8885-BD5BABC115BD}.Release|x86.Build.0 = Release|Any CPU
		{6CAE4098-34D9-4EEC-9476-4139468111E7}.Debug|Any CPU.ActiveCfg = Debug|Any CPU
		{6CAE4098-34D9-4EEC-9476-4139468111E7}.Debug|Any CPU.Build.0 = Debug|Any CPU
		{6CAE4098-34D9-4EEC-9476-4139468111E7}.Debug|x64.ActiveCfg = Debug|Any CPU
		{6CAE4098-34D9-4EEC-9476-4139468111E7}.Debug|x64.Build.0 = Debug|Any CPU
		{6CAE4098-34D9-4EEC-9476-4139468111E7}.Debug|x86.ActiveCfg = Debug|Any CPU
		{6CAE4098-34D9-4EEC-9476-4139468111E7}.Debug|x86.Build.0 = Debug|Any CPU
		{6CAE4098-34D9-4EEC-9476-4139468111E7}.Release|Any CPU.ActiveCfg = Release|Any CPU
		{6CAE4098-34D9-4EEC-9476-4139468111E7}.Release|Any CPU.Build.0 = Release|Any CPU
		{6CAE4098-34D9-4EEC-9476-4139468111E7}.Release|x64.ActiveCfg = Release|Any CPU
		{6CAE4098-34D9-4EEC-9476-4139468111E7}.Release|x64.Build.0 = Release|Any CPU
		{6CAE4098-34D9-4EEC-9476-4139468111E7}.Release|x86.ActiveCfg = Release|Any CPU
		{6CAE4098-34D9-4EEC-9476-4139468111E7}.Release|x86.Build.0 = Release|Any CPU
		{A1671F7E-5B98-419C-9BA2-4ED52E510CE3}.Debug|Any CPU.ActiveCfg = Debug|Any CPU
		{A1671F7E-5B98-419C-9BA2-4ED52E510CE3}.Debug|Any CPU.Build.0 = Debug|Any CPU
		{A1671F7E-5B98-419C-9BA2-4ED52E510CE3}.Debug|x64.ActiveCfg = Debug|Any CPU
		{A1671F7E-5B98-419C-9BA2-4ED52E510CE3}.Debug|x64.Build.0 = Debug|Any CPU
		{A1671F7E-5B98-419C-9BA2-4ED52E510CE3}.Debug|x86.ActiveCfg = Debug|Any CPU
		{A1671F7E-5B98-419C-9BA2-4ED52E510CE3}.Debug|x86.Build.0 = Debug|Any CPU
		{A1671F7E-5B98-419C-9BA2-4ED52E510CE3}.Release|Any CPU.ActiveCfg = Release|Any CPU
		{A1671F7E-5B98-419C-9BA2-4ED52E510CE3}.Release|Any CPU.Build.0 = Release|Any CPU
		{A1671F7E-5B98-419C-9BA2-4ED52E510CE3}.Release|x64.ActiveCfg = Release|Any CPU
		{A1671F7E-5B98-419C-9BA2-4ED52E510CE3}.Release|x64.Build.0 = Release|Any CPU
		{A1671F7E-5B98-419C-9BA2-4ED52E510CE3}.Release|x86.ActiveCfg = Release|Any CPU
		{A1671F7E-5B98-419C-9BA2-4ED52E510CE3}.Release|x86.Build.0 = Release|Any CPU
	EndGlobalSection
	GlobalSection(SolutionProperties) = preSolution
		HideSolutionNode = FALSE
	EndGlobalSection
	GlobalSection(NestedProjects) = preSolution
		{AB7F505E-B040-47E1-8716-8E9F212C413A} = {827E0CD3-B72D-47B6-A68D-7590B98EB39B}
		{376CFC14-6ED7-4A97-8885-BD5BABC115BD} = {827E0CD3-B72D-47B6-A68D-7590B98EB39B}
		{6CAE4098-34D9-4EEC-9476-4139468111E7} = {827E0CD3-B72D-47B6-A68D-7590B98EB39B}
		{A1671F7E-5B98-419C-9BA2-4ED52E510CE3} = {827E0CD3-B72D-47B6-A68D-7590B98EB39B}
	EndGlobalSection
EndGlobal
